
Microsoft Visual Studio Solution File, Format Version 12.00
# Visual Studio 15
VisualStudioVersion = 15.0.27703.2026
MinimumVisualStudioVersion = 10.0.40219.1
Project("{FAE04EC0-301F-11D3-BF4B-00C04F79EFBC}") = "match", "match\match.csproj", "{AFD87201-D7F7-49BF-8890-33DC059049AA}"
EndProject
Global
	GlobalSection(SolutionConfigurationPlatforms) = preSolution
		Debug|Any CPU = Debug|Any CPU
		Release|Any CPU = Release|Any CPU
	EndGlobalSection
	GlobalSection(ProjectConfigurationPlatforms) = postSolution
		{AFD87201-D7F7-49BF-8890-33DC059049AA}.Debug|Any CPU.ActiveCfg = Debug|Any CPU
		{AFD87201-D7F7-49BF-8890-33DC059049AA}.Debug|Any CPU.Build.0 = Debug|Any CPU
		{AFD87201-D7F7-49BF-8890-33DC059049AA}.Release|Any CPU.ActiveCfg = Release|Any CPU
		{AFD87201-D7F7-49BF-8890-33DC059049AA}.Release|Any CPU.Build.0 = Release|Any CPU
	EndGlobalSection
	GlobalSection(SolutionProperties) = preSolution
		HideSolutionNode = FALSE
	EndGlobalSection
	GlobalSection(ExtensibilityGlobals) = postSolution
		SolutionGuid = {CAE84372-9172-4380-83D2-21EA300E5C6A}
	EndGlobalSection
EndGlobal
